// !$*UTF8*$!
{
	archiveVersion = 1;
	classes = {
	};
	objectVersion = 56;
	objects = {

/* Begin PBXBuildFile section */
		D705EF422B601E7400CAC90C /* Mobileserver.xcframework in Frameworks */ = {isa = PBXBuildFile; fileRef = D76518BB2B1F8F7400DC03A9 /* Mobileserver.xcframework */; };
		D76516092B1F3B1300DC03A9 /* BitBoxAppApp.swift in Sources */ = {isa = PBXBuildFile; fileRef = D76516082B1F3B1300DC03A9 /* BitBoxAppApp.swift */; };
		D765160D2B1F3B1500DC03A9 /* Assets.xcassets in Resources */ = {isa = PBXBuildFile; fileRef = D765160C2B1F3B1500DC03A9 /* Assets.xcassets */; };
		D76516102B1F3B1500DC03A9 /* Preview Assets.xcassets in Resources */ = {isa = PBXBuildFile; fileRef = D765160F2B1F3B1500DC03A9 /* Preview Assets.xcassets */; };
		D765161A2B1F3B1500DC03A9 /* BitBoxAppTests.swift in Sources */ = {isa = PBXBuildFile; fileRef = D76516192B1F3B1500DC03A9 /* BitBoxAppTests.swift */; };
		D76516242B1F3B1500DC03A9 /* BitBoxAppUITests.swift in Sources */ = {isa = PBXBuildFile; fileRef = D76516232B1F3B1500DC03A9 /* BitBoxAppUITests.swift */; };
		D76516262B1F3B1500DC03A9 /* BitBoxAppUITestsLaunchTests.swift in Sources */ = {isa = PBXBuildFile; fileRef = D76516252B1F3B1500DC03A9 /* BitBoxAppUITestsLaunchTests.swift */; };
		D76516332B1F3D1B00DC03A9 /* WebView.swift in Sources */ = {isa = PBXBuildFile; fileRef = D76516322B1F3D1A00DC03A9 /* WebView.swift */; };
		D76518B62B1F45B300DC03A9 /* assets in Resources */ = {isa = PBXBuildFile; fileRef = D76518B52B1F45B300DC03A9 /* assets */; };
		D76518C22B1F911700DC03A9 /* libresolv.tbd in Frameworks */ = {isa = PBXBuildFile; fileRef = D76518C12B1F910C00DC03A9 /* libresolv.tbd */; };
/* End PBXBuildFile section */

/* Begin PBXContainerItemProxy section */
		D76516162B1F3B1500DC03A9 /* PBXContainerItemProxy */ = {
			isa = PBXContainerItemProxy;
			containerPortal = D76515FD2B1F3B1300DC03A9 /* Project object */;
			proxyType = 1;
			remoteGlobalIDString = D76516042B1F3B1300DC03A9;
			remoteInfo = BitBoxApp;
		};
		D76516202B1F3B1500DC03A9 /* PBXContainerItemProxy */ = {
			isa = PBXContainerItemProxy;
			containerPortal = D76515FD2B1F3B1300DC03A9 /* Project object */;
			proxyType = 1;
			remoteGlobalIDString = D76516042B1F3B1300DC03A9;
			remoteInfo = BitBoxApp;
		};
/* End PBXContainerItemProxy section */

/* Begin PBXFileReference section */
		D76516052B1F3B1300DC03A9 /* BitBoxApp.app */ = {isa = PBXFileReference; explicitFileType = wrapper.application; includeInIndex = 0; path = BitBoxApp.app; sourceTree = BUILT_PRODUCTS_DIR; };
		D76516082B1F3B1300DC03A9 /* BitBoxAppApp.swift */ = {isa = PBXFileReference; lastKnownFileType = sourcecode.swift; path = BitBoxAppApp.swift; sourceTree = "<group>"; };
		D765160C2B1F3B1500DC03A9 /* Assets.xcassets */ = {isa = PBXFileReference; lastKnownFileType = folder.assetcatalog; path = Assets.xcassets; sourceTree = "<group>"; };
		D765160F2B1F3B1500DC03A9 /* Preview Assets.xcassets */ = {isa = PBXFileReference; lastKnownFileType = folder.assetcatalog; path = "Preview Assets.xcassets"; sourceTree = "<group>"; };
		D76516152B1F3B1500DC03A9 /* BitBoxAppTests.xctest */ = {isa = PBXFileReference; explicitFileType = wrapper.cfbundle; includeInIndex = 0; path = BitBoxAppTests.xctest; sourceTree = BUILT_PRODUCTS_DIR; };
		D76516192B1F3B1500DC03A9 /* BitBoxAppTests.swift */ = {isa = PBXFileReference; lastKnownFileType = sourcecode.swift; path = BitBoxAppTests.swift; sourceTree = "<group>"; };
		D765161F2B1F3B1500DC03A9 /* BitBoxAppUITests.xctest */ = {isa = PBXFileReference; explicitFileType = wrapper.cfbundle; includeInIndex = 0; path = BitBoxAppUITests.xctest; sourceTree = BUILT_PRODUCTS_DIR; };
		D76516232B1F3B1500DC03A9 /* BitBoxAppUITests.swift */ = {isa = PBXFileReference; lastKnownFileType = sourcecode.swift; path = BitBoxAppUITests.swift; sourceTree = "<group>"; };
		D76516252B1F3B1500DC03A9 /* BitBoxAppUITestsLaunchTests.swift */ = {isa = PBXFileReference; lastKnownFileType = sourcecode.swift; path = BitBoxAppUITestsLaunchTests.swift; sourceTree = "<group>"; };
		D76516322B1F3D1A00DC03A9 /* WebView.swift */ = {isa = PBXFileReference; lastKnownFileType = sourcecode.swift; path = WebView.swift; sourceTree = "<group>"; };
		D76518B52B1F45B300DC03A9 /* assets */ = {isa = PBXFileReference; lastKnownFileType = folder; path = assets; sourceTree = "<group>"; };
		D76518BB2B1F8F7400DC03A9 /* Mobileserver.xcframework */ = {isa = PBXFileReference; lastKnownFileType = wrapper.xcframework; name = Mobileserver.xcframework; path = ../../../backend/mobileserver/Mobileserver.xcframework; sourceTree = "<group>"; };
		D76518C12B1F910C00DC03A9 /* libresolv.tbd */ = {isa = PBXFileReference; lastKnownFileType = "sourcecode.text-based-dylib-definition"; name = libresolv.tbd; path = usr/lib/libresolv.tbd; sourceTree = SDKROOT; };
/* End PBXFileReference section */

/* Begin PBXFrameworksBuildPhase section */
		D76516022B1F3B1300DC03A9 /* Frameworks */ = {
			isa = PBXFrameworksBuildPhase;
			buildActionMask = 2147483647;
			files = (
				D705EF422B601E7400CAC90C /* Mobileserver.xcframework in Frameworks */,
				D76518C22B1F911700DC03A9 /* libresolv.tbd in Frameworks */,
			);
			runOnlyForDeploymentPostprocessing = 0;
		};
		D76516122B1F3B1500DC03A9 /* Frameworks */ = {
			isa = PBXFrameworksBuildPhase;
			buildActionMask = 2147483647;
			files = (
			);
			runOnlyForDeploymentPostprocessing = 0;
		};
		D765161C2B1F3B1500DC03A9 /* Frameworks */ = {
			isa = PBXFrameworksBuildPhase;
			buildActionMask = 2147483647;
			files = (
			);
			runOnlyForDeploymentPostprocessing = 0;
		};
/* End PBXFrameworksBuildPhase section */

/* Begin PBXGroup section */
		D76515FC2B1F3B1300DC03A9 = {
			isa = PBXGroup;
			children = (
				D76518BB2B1F8F7400DC03A9 /* Mobileserver.xcframework */,
				D76516072B1F3B1300DC03A9 /* BitBoxApp */,
				D76516182B1F3B1500DC03A9 /* BitBoxAppTests */,
				D76516222B1F3B1500DC03A9 /* BitBoxAppUITests */,
				D76516062B1F3B1300DC03A9 /* Products */,
				D76518C02B1F910C00DC03A9 /* Frameworks */,
			);
			sourceTree = "<group>";
		};
		D76516062B1F3B1300DC03A9 /* Products */ = {
			isa = PBXGroup;
			children = (
				D76516052B1F3B1300DC03A9 /* BitBoxApp.app */,
				D76516152B1F3B1500DC03A9 /* BitBoxAppTests.xctest */,
				D765161F2B1F3B1500DC03A9 /* BitBoxAppUITests.xctest */,
			);
			name = Products;
			sourceTree = "<group>";
		};
		D76516072B1F3B1300DC03A9 /* BitBoxApp */ = {
			isa = PBXGroup;
			children = (
				D76518B52B1F45B300DC03A9 /* assets */,
				D76516082B1F3B1300DC03A9 /* BitBoxAppApp.swift */,
				D76516322B1F3D1A00DC03A9 /* WebView.swift */,
				D765160C2B1F3B1500DC03A9 /* Assets.xcassets */,
				D765160E2B1F3B1500DC03A9 /* Preview Content */,
			);
			path = BitBoxApp;
			sourceTree = "<group>";
		};
		D765160E2B1F3B1500DC03A9 /* Preview Content */ = {
			isa = PBXGroup;
			children = (
				D765160F2B1F3B1500DC03A9 /* Preview Assets.xcassets */,
			);
			path = "Preview Content";
			sourceTree = "<group>";
		};
		D76516182B1F3B1500DC03A9 /* BitBoxAppTests */ = {
			isa = PBXGroup;
			children = (
				D76516192B1F3B1500DC03A9 /* BitBoxAppTests.swift */,
			);
			path = BitBoxAppTests;
			sourceTree = "<group>";
		};
		D76516222B1F3B1500DC03A9 /* BitBoxAppUITests */ = {
			isa = PBXGroup;
			children = (
				D76516232B1F3B1500DC03A9 /* BitBoxAppUITests.swift */,
				D76516252B1F3B1500DC03A9 /* BitBoxAppUITestsLaunchTests.swift */,
			);
			path = BitBoxAppUITests;
			sourceTree = "<group>";
		};
		D76518C02B1F910C00DC03A9 /* Frameworks */ = {
			isa = PBXGroup;
			children = (
				D76518C12B1F910C00DC03A9 /* libresolv.tbd */,
			);
			name = Frameworks;
			sourceTree = "<group>";
		};
/* End PBXGroup section */

/* Begin PBXNativeTarget section */
		D76516042B1F3B1300DC03A9 /* BitBoxApp */ = {
			isa = PBXNativeTarget;
			buildConfigurationList = D76516292B1F3B1500DC03A9 /* Build configuration list for PBXNativeTarget "BitBoxApp" */;
			buildPhases = (
				D76518B42B1F446200DC03A9 /* Run Script */,
				D76516012B1F3B1300DC03A9 /* Sources */,
				D76516022B1F3B1300DC03A9 /* Frameworks */,
				D76516032B1F3B1300DC03A9 /* Resources */,
			);
			buildRules = (
			);
			dependencies = (
			);
			name = BitBoxApp;
			productName = BitBoxApp;
			productReference = D76516052B1F3B1300DC03A9 /* BitBoxApp.app */;
			productType = "com.apple.product-type.application";
		};
		D76516142B1F3B1500DC03A9 /* BitBoxAppTests */ = {
			isa = PBXNativeTarget;
			buildConfigurationList = D765162C2B1F3B1500DC03A9 /* Build configuration list for PBXNativeTarget "BitBoxAppTests" */;
			buildPhases = (
				D76516112B1F3B1500DC03A9 /* Sources */,
				D76516122B1F3B1500DC03A9 /* Frameworks */,
				D76516132B1F3B1500DC03A9 /* Resources */,
			);
			buildRules = (
			);
			dependencies = (
				D76516172B1F3B1500DC03A9 /* PBXTargetDependency */,
			);
			name = BitBoxAppTests;
			productName = BitBoxAppTests;
			productReference = D76516152B1F3B1500DC03A9 /* BitBoxAppTests.xctest */;
			productType = "com.apple.product-type.bundle.unit-test";
		};
		D765161E2B1F3B1500DC03A9 /* BitBoxAppUITests */ = {
			isa = PBXNativeTarget;
			buildConfigurationList = D765162F2B1F3B1500DC03A9 /* Build configuration list for PBXNativeTarget "BitBoxAppUITests" */;
			buildPhases = (
				D765161B2B1F3B1500DC03A9 /* Sources */,
				D765161C2B1F3B1500DC03A9 /* Frameworks */,
				D765161D2B1F3B1500DC03A9 /* Resources */,
			);
			buildRules = (
			);
			dependencies = (
				D76516212B1F3B1500DC03A9 /* PBXTargetDependency */,
			);
			name = BitBoxAppUITests;
			productName = BitBoxAppUITests;
			productReference = D765161F2B1F3B1500DC03A9 /* BitBoxAppUITests.xctest */;
			productType = "com.apple.product-type.bundle.ui-testing";
		};
/* End PBXNativeTarget section */

/* Begin PBXProject section */
		D76515FD2B1F3B1300DC03A9 /* Project object */ = {
			isa = PBXProject;
			attributes = {
				BuildIndependentTargetsInParallel = 1;
				LastSwiftUpdateCheck = 1420;
				LastUpgradeCheck = 1420;
				TargetAttributes = {
					D76516042B1F3B1300DC03A9 = {
						CreatedOnToolsVersion = 14.2;
					};
					D76516142B1F3B1500DC03A9 = {
						CreatedOnToolsVersion = 14.2;
						TestTargetID = D76516042B1F3B1300DC03A9;
					};
					D765161E2B1F3B1500DC03A9 = {
						CreatedOnToolsVersion = 14.2;
						TestTargetID = D76516042B1F3B1300DC03A9;
					};
				};
			};
			buildConfigurationList = D76516002B1F3B1300DC03A9 /* Build configuration list for PBXProject "BitBoxApp" */;
			compatibilityVersion = "Xcode 14.0";
			developmentRegion = en;
			hasScannedForEncodings = 0;
			knownRegions = (
				en,
				Base,
			);
			mainGroup = D76515FC2B1F3B1300DC03A9;
			productRefGroup = D76516062B1F3B1300DC03A9 /* Products */;
			projectDirPath = "";
			projectRoot = "";
			targets = (
				D76516042B1F3B1300DC03A9 /* BitBoxApp */,
				D76516142B1F3B1500DC03A9 /* BitBoxAppTests */,
				D765161E2B1F3B1500DC03A9 /* BitBoxAppUITests */,
			);
		};
/* End PBXProject section */

/* Begin PBXResourcesBuildPhase section */
		D76516032B1F3B1300DC03A9 /* Resources */ = {
			isa = PBXResourcesBuildPhase;
			buildActionMask = 2147483647;
			files = (
				D76518B62B1F45B300DC03A9 /* assets in Resources */,
				D76516102B1F3B1500DC03A9 /* Preview Assets.xcassets in Resources */,
				D765160D2B1F3B1500DC03A9 /* Assets.xcassets in Resources */,
			);
			runOnlyForDeploymentPostprocessing = 0;
		};
		D76516132B1F3B1500DC03A9 /* Resources */ = {
			isa = PBXResourcesBuildPhase;
			buildActionMask = 2147483647;
			files = (
			);
			runOnlyForDeploymentPostprocessing = 0;
		};
		D765161D2B1F3B1500DC03A9 /* Resources */ = {
			isa = PBXResourcesBuildPhase;
			buildActionMask = 2147483647;
			files = (
			);
			runOnlyForDeploymentPostprocessing = 0;
		};
/* End PBXResourcesBuildPhase section */

/* Begin PBXShellScriptBuildPhase section */
		D76518B42B1F446200DC03A9 /* Run Script */ = {
			isa = PBXShellScriptBuildPhase;
			alwaysOutOfDate = 1;
			buildActionMask = 2147483647;
			files = (
			);
			inputFileListPaths = (
			);
			inputPaths = (
			);
			name = "Run Script";
			outputFileListPaths = (
			);
			outputPaths = (
			);
			runOnlyForDeploymentPostprocessing = 0;
			shellPath = /bin/sh;
			shellScript = "# rm -rf ${SRCROOT}/BitBoxApp/assets/web/\n# mkdir -p ${SRCROOT}/BitBoxApp/assets/web/\n# cp -aR ${SRCROOT}/../../web/build/* ${SRCROOT}/BitBoxApp/assets/web/\n";
		};
/* End PBXShellScriptBuildPhase section */

/* Begin PBXSourcesBuildPhase section */
		D76516012B1F3B1300DC03A9 /* Sources */ = {
			isa = PBXSourcesBuildPhase;
			buildActionMask = 2147483647;
			files = (
				D76516332B1F3D1B00DC03A9 /* WebView.swift in Sources */,
				D76516092B1F3B1300DC03A9 /* BitBoxAppApp.swift in Sources */,
			);
			runOnlyForDeploymentPostprocessing = 0;
		};
		D76516112B1F3B1500DC03A9 /* Sources */ = {
			isa = PBXSourcesBuildPhase;
			buildActionMask = 2147483647;
			files = (
				D765161A2B1F3B1500DC03A9 /* BitBoxAppTests.swift in Sources */,
			);
			runOnlyForDeploymentPostprocessing = 0;
		};
		D765161B2B1F3B1500DC03A9 /* Sources */ = {
			isa = PBXSourcesBuildPhase;
			buildActionMask = 2147483647;
			files = (
				D76516262B1F3B1500DC03A9 /* BitBoxAppUITestsLaunchTests.swift in Sources */,
				D76516242B1F3B1500DC03A9 /* BitBoxAppUITests.swift in Sources */,
			);
			runOnlyForDeploymentPostprocessing = 0;
		};
/* End PBXSourcesBuildPhase section */

/* Begin PBXTargetDependency section */
		D76516172B1F3B1500DC03A9 /* PBXTargetDependency */ = {
			isa = PBXTargetDependency;
			target = D76516042B1F3B1300DC03A9 /* BitBoxApp */;
			targetProxy = D76516162B1F3B1500DC03A9 /* PBXContainerItemProxy */;
		};
		D76516212B1F3B1500DC03A9 /* PBXTargetDependency */ = {
			isa = PBXTargetDependency;
			target = D76516042B1F3B1300DC03A9 /* BitBoxApp */;
			targetProxy = D76516202B1F3B1500DC03A9 /* PBXContainerItemProxy */;
		};
/* End PBXTargetDependency section */

/* Begin XCBuildConfiguration section */
		D76516272B1F3B1500DC03A9 /* Debug */ = {
			isa = XCBuildConfiguration;
			buildSettings = {
				ALWAYS_SEARCH_USER_PATHS = NO;
				CLANG_ANALYZER_NONNULL = YES;
				CLANG_ANALYZER_NUMBER_OBJECT_CONVERSION = YES_AGGRESSIVE;
				CLANG_CXX_LANGUAGE_STANDARD = "gnu++20";
				CLANG_ENABLE_MODULES = YES;
				CLANG_ENABLE_OBJC_ARC = YES;
				CLANG_ENABLE_OBJC_WEAK = YES;
				CLANG_WARN_BLOCK_CAPTURE_AUTORELEASING = YES;
				CLANG_WARN_BOOL_CONVERSION = YES;
				CLANG_WARN_COMMA = YES;
				CLANG_WARN_CONSTANT_CONVERSION = YES;
				CLANG_WARN_DEPRECATED_OBJC_IMPLEMENTATIONS = YES;
				CLANG_WARN_DIRECT_OBJC_ISA_USAGE = YES_ERROR;
				CLANG_WARN_DOCUMENTATION_COMMENTS = YES;
				CLANG_WARN_EMPTY_BODY = YES;
				CLANG_WARN_ENUM_CONVERSION = YES;
				CLANG_WARN_INFINITE_RECURSION = YES;
				CLANG_WARN_INT_CONVERSION = YES;
				CLANG_WARN_NON_LITERAL_NULL_CONVERSION = YES;
				CLANG_WARN_OBJC_IMPLICIT_RETAIN_SELF = YES;
				CLANG_WARN_OBJC_LITERAL_CONVERSION = YES;
				CLANG_WARN_OBJC_ROOT_CLASS = YES_ERROR;
				CLANG_WARN_QUOTED_INCLUDE_IN_FRAMEWORK_HEADER = YES;
				CLANG_WARN_RANGE_LOOP_ANALYSIS = YES;
				CLANG_WARN_STRICT_PROTOTYPES = YES;
				CLANG_WARN_SUSPICIOUS_MOVE = YES;
				CLANG_WARN_UNGUARDED_AVAILABILITY = YES_AGGRESSIVE;
				CLANG_WARN_UNREACHABLE_CODE = YES;
				CLANG_WARN__DUPLICATE_METHOD_MATCH = YES;
				COPY_PHASE_STRIP = NO;
				DEBUG_INFORMATION_FORMAT = dwarf;
				ENABLE_STRICT_OBJC_MSGSEND = YES;
				ENABLE_TESTABILITY = YES;
				GCC_C_LANGUAGE_STANDARD = gnu11;
				GCC_DYNAMIC_NO_PIC = NO;
				GCC_NO_COMMON_BLOCKS = YES;
				GCC_OPTIMIZATION_LEVEL = 0;
				GCC_PREPROCESSOR_DEFINITIONS = (
					"DEBUG=1",
					"$(inherited)",
				);
				GCC_WARN_64_TO_32_BIT_CONVERSION = YES;
				GCC_WARN_ABOUT_RETURN_TYPE = YES_ERROR;
				GCC_WARN_UNDECLARED_SELECTOR = YES;
				GCC_WARN_UNINITIALIZED_AUTOS = YES_AGGRESSIVE;
				GCC_WARN_UNUSED_FUNCTION = YES;
				GCC_WARN_UNUSED_VARIABLE = YES;
				IPHONEOS_DEPLOYMENT_TARGET = 16.2;
				MTL_ENABLE_DEBUG_INFO = INCLUDE_SOURCE;
				MTL_FAST_MATH = YES;
				ONLY_ACTIVE_ARCH = YES;
				SDKROOT = iphoneos;
				SWIFT_ACTIVE_COMPILATION_CONDITIONS = DEBUG;
				SWIFT_OPTIMIZATION_LEVEL = "-Onone";
			};
			name = Debug;
		};
		D76516282B1F3B1500DC03A9 /* Release */ = {
			isa = XCBuildConfiguration;
			buildSettings = {
				ALWAYS_SEARCH_USER_PATHS = NO;
				CLANG_ANALYZER_NONNULL = YES;
				CLANG_ANALYZER_NUMBER_OBJECT_CONVERSION = YES_AGGRESSIVE;
				CLANG_CXX_LANGUAGE_STANDARD = "gnu++20";
				CLANG_ENABLE_MODULES = YES;
				CLANG_ENABLE_OBJC_ARC = YES;
				CLANG_ENABLE_OBJC_WEAK = YES;
				CLANG_WARN_BLOCK_CAPTURE_AUTORELEASING = YES;
				CLANG_WARN_BOOL_CONVERSION = YES;
				CLANG_WARN_COMMA = YES;
				CLANG_WARN_CONSTANT_CONVERSION = YES;
				CLANG_WARN_DEPRECATED_OBJC_IMPLEMENTATIONS = YES;
				CLANG_WARN_DIRECT_OBJC_ISA_USAGE = YES_ERROR;
				CLANG_WARN_DOCUMENTATION_COMMENTS = YES;
				CLANG_WARN_EMPTY_BODY = YES;
				CLANG_WARN_ENUM_CONVERSION = YES;
				CLANG_WARN_INFINITE_RECURSION = YES;
				CLANG_WARN_INT_CONVERSION = YES;
				CLANG_WARN_NON_LITERAL_NULL_CONVERSION = YES;
				CLANG_WARN_OBJC_IMPLICIT_RETAIN_SELF = YES;
				CLANG_WARN_OBJC_LITERAL_CONVERSION = YES;
				CLANG_WARN_OBJC_ROOT_CLASS = YES_ERROR;
				CLANG_WARN_QUOTED_INCLUDE_IN_FRAMEWORK_HEADER = YES;
				CLANG_WARN_RANGE_LOOP_ANALYSIS = YES;
				CLANG_WARN_STRICT_PROTOTYPES = YES;
				CLANG_WARN_SUSPICIOUS_MOVE = YES;
				CLANG_WARN_UNGUARDED_AVAILABILITY = YES_AGGRESSIVE;
				CLANG_WARN_UNREACHABLE_CODE = YES;
				CLANG_WARN__DUPLICATE_METHOD_MATCH = YES;
				COPY_PHASE_STRIP = NO;
				DEBUG_INFORMATION_FORMAT = "dwarf-with-dsym";
				ENABLE_NS_ASSERTIONS = NO;
				ENABLE_STRICT_OBJC_MSGSEND = YES;
				GCC_C_LANGUAGE_STANDARD = gnu11;
				GCC_NO_COMMON_BLOCKS = YES;
				GCC_WARN_64_TO_32_BIT_CONVERSION = YES;
				GCC_WARN_ABOUT_RETURN_TYPE = YES_ERROR;
				GCC_WARN_UNDECLARED_SELECTOR = YES;
				GCC_WARN_UNINITIALIZED_AUTOS = YES_AGGRESSIVE;
				GCC_WARN_UNUSED_FUNCTION = YES;
				GCC_WARN_UNUSED_VARIABLE = YES;
				IPHONEOS_DEPLOYMENT_TARGET = 16.2;
				MTL_ENABLE_DEBUG_INFO = NO;
				MTL_FAST_MATH = YES;
				SDKROOT = iphoneos;
				SWIFT_COMPILATION_MODE = wholemodule;
				SWIFT_OPTIMIZATION_LEVEL = "-O";
				VALIDATE_PRODUCT = YES;
			};
			name = Release;
		};
		D765162A2B1F3B1500DC03A9 /* Debug */ = {
			isa = XCBuildConfiguration;
			buildSettings = {
				ASSETCATALOG_COMPILER_APPICON_NAME = AppIcon;
				ASSETCATALOG_COMPILER_GLOBAL_ACCENT_COLOR_NAME = AccentColor;
				CODE_SIGN_STYLE = Automatic;
				CURRENT_PROJECT_VERSION = 1;
				DEVELOPMENT_ASSET_PATHS = "\"BitBoxApp/Preview Content\"";
				DEVELOPMENT_TEAM = XK248TQN88;
				ENABLE_PREVIEWS = YES;
				GENERATE_INFOPLIST_FILE = YES;
				INFOPLIST_KEY_UIApplicationSceneManifest_Generation = YES;
				INFOPLIST_KEY_UIApplicationSupportsIndirectInputEvents = YES;
				INFOPLIST_KEY_UILaunchScreen_Generation = YES;
				INFOPLIST_KEY_UISupportedInterfaceOrientations_iPad = "UIInterfaceOrientationPortrait UIInterfaceOrientationPortraitUpsideDown UIInterfaceOrientationLandscapeLeft UIInterfaceOrientationLandscapeRight";
				INFOPLIST_KEY_UISupportedInterfaceOrientations_iPhone = "UIInterfaceOrientationPortrait UIInterfaceOrientationLandscapeLeft UIInterfaceOrientationLandscapeRight";
				IPHONEOS_DEPLOYMENT_TARGET = 16.0;
				LD_RUNPATH_SEARCH_PATHS = (
					"$(inherited)",
					"@executable_path/Frameworks",
				);
				MARKETING_VERSION = 1.0;
				PRODUCT_BUNDLE_IDENTIFIER = swiss.bitbox.BitBoxApp;
				PRODUCT_NAME = "$(TARGET_NAME)";
				SWIFT_EMIT_LOC_STRINGS = YES;
				SWIFT_VERSION = 5.0;
				TARGETED_DEVICE_FAMILY = "1,2";
			};
			name = Debug;
		};
		D765162B2B1F3B1500DC03A9 /* Release */ = {
			isa = XCBuildConfiguration;
			buildSettings = {
				ASSETCATALOG_COMPILER_APPICON_NAME = AppIcon;
				ASSETCATALOG_COMPILER_GLOBAL_ACCENT_COLOR_NAME = AccentColor;
				CODE_SIGN_STYLE = Automatic;
				CURRENT_PROJECT_VERSION = 1;
				DEVELOPMENT_ASSET_PATHS = "\"BitBoxApp/Preview Content\"";
				DEVELOPMENT_TEAM = XK248TQN88;
				ENABLE_PREVIEWS = YES;
				GENERATE_INFOPLIST_FILE = YES;
				INFOPLIST_KEY_UIApplicationSceneManifest_Generation = YES;
				INFOPLIST_KEY_UIApplicationSupportsIndirectInputEvents = YES;
				INFOPLIST_KEY_UILaunchScreen_Generation = YES;
				INFOPLIST_KEY_UISupportedInterfaceOrientations_iPad = "UIInterfaceOrientationPortrait UIInterfaceOrientationPortraitUpsideDown UIInterfaceOrientationLandscapeLeft UIInterfaceOrientationLandscapeRight";
				INFOPLIST_KEY_UISupportedInterfaceOrientations_iPhone = "UIInterfaceOrientationPortrait UIInterfaceOrientationLandscapeLeft UIInterfaceOrientationLandscapeRight";
				IPHONEOS_DEPLOYMENT_TARGET = 16.0;
				LD_RUNPATH_SEARCH_PATHS = (
					"$(inherited)",
					"@executable_path/Frameworks",
				);
				MARKETING_VERSION = 1.0;
				PRODUCT_BUNDLE_IDENTIFIER = swiss.bitbox.BitBoxApp;
				PRODUCT_NAME = "$(TARGET_NAME)";
				SWIFT_EMIT_LOC_STRINGS = YES;
				SWIFT_VERSION = 5.0;
				TARGETED_DEVICE_FAMILY = "1,2";
			};
			name = Release;
		};
		D765162D2B1F3B1500DC03A9 /* Debug */ = {
			isa = XCBuildConfiguration;
			buildSettings = {
				ALWAYS_EMBED_SWIFT_STANDARD_LIBRARIES = YES;
				BUNDLE_LOADER = "$(TEST_HOST)";
				CODE_SIGN_STYLE = Automatic;
				CURRENT_PROJECT_VERSION = 1;
				DEVELOPMENT_TEAM = 2TX26HWL64;
				GENERATE_INFOPLIST_FILE = YES;
				IPHONEOS_DEPLOYMENT_TARGET = 16.2;
				MARKETING_VERSION = 1.0;
				PRODUCT_BUNDLE_IDENTIFIER = swiss.bitbox.BitBoxAppTests;
				PRODUCT_NAME = "$(TARGET_NAME)";
				SWIFT_EMIT_LOC_STRINGS = NO;
				SWIFT_VERSION = 5.0;
				TARGETED_DEVICE_FAMILY = "1,2";
				TEST_HOST = "$(BUILT_PRODUCTS_DIR)/BitBoxApp.app/$(BUNDLE_EXECUTABLE_FOLDER_PATH)/BitBoxApp";
			};
			name = Debug;
		};
		D765162E2B1F3B1500DC03A9 /* Release */ = {
			isa = XCBuildConfiguration;
			buildSettings = {
				ALWAYS_EMBED_SWIFT_STANDARD_LIBRARIES = YES;
				BUNDLE_LOADER = "$(TEST_HOST)";
				CODE_SIGN_STYLE = Automatic;
				CURRENT_PROJECT_VERSION = 1;
				DEVELOPMENT_TEAM = 2TX26HWL64;
				GENERATE_INFOPLIST_FILE = YES;
				IPHONEOS_DEPLOYMENT_TARGET = 16.2;
				MARKETING_VERSION = 1.0;
				PRODUCT_BUNDLE_IDENTIFIER = swiss.bitbox.BitBoxAppTests;
				PRODUCT_NAME = "$(TARGET_NAME)";
				SWIFT_EMIT_LOC_STRINGS = NO;
				SWIFT_VERSION = 5.0;
				TARGETED_DEVICE_FAMILY = "1,2";
				TEST_HOST = "$(BUILT_PRODUCTS_DIR)/BitBoxApp.app/$(BUNDLE_EXECUTABLE_FOLDER_PATH)/BitBoxApp";
			};
			name = Release;
		};
		D76516302B1F3B1500DC03A9 /* Debug */ = {
			isa = XCBuildConfiguration;
			buildSettings = {
				ALWAYS_EMBED_SWIFT_STANDARD_LIBRARIES = YES;
				CODE_SIGN_STYLE = Automatic;
				CURRENT_PROJECT_VERSION = 1;
				DEVELOPMENT_TEAM = 2TX26HWL64;
				GENERATE_INFOPLIST_FILE = YES;
				MARKETING_VERSION = 1.0;
				PRODUCT_BUNDLE_IDENTIFIER = swiss.bitbox.BitBoxAppUITests;
				PRODUCT_NAME = "$(TARGET_NAME)";
				SWIFT_EMIT_LOC_STRINGS = NO;
				SWIFT_VERSION = 5.0;
				TARGETED_DEVICE_FAMILY = "1,2";
				TEST_TARGET_NAME = BitBoxApp;
			};
			name = Debug;
		};
		D76516312B1F3B1500DC03A9 /* Release */ = {
			isa = XCBuildConfiguration;
			buildSettings = {
				ALWAYS_EMBED_SWIFT_STANDARD_LIBRARIES = YES;
				CODE_SIGN_STYLE = Automatic;
				CURRENT_PROJECT_VERSION = 1;
				DEVELOPMENT_TEAM = 2TX26HWL64;
				GENERATE_INFOPLIST_FILE = YES;
				MARKETING_VERSION = 1.0;
				PRODUCT_BUNDLE_IDENTIFIER = swiss.bitbox.BitBoxAppUITests;
				PRODUCT_NAME = "$(TARGET_NAME)";
				SWIFT_EMIT_LOC_STRINGS = NO;
				SWIFT_VERSION = 5.0;
				TARGETED_DEVICE_FAMILY = "1,2";
				TEST_TARGET_NAME = BitBoxApp;
			};
			name = Release;
		};
/* End XCBuildConfiguration section */

/* Begin XCConfigurationList section */
		D76516002B1F3B1300DC03A9 /* Build configuration list for PBXProject "BitBoxApp" */ = {
			isa = XCConfigurationList;
			buildConfigurations = (
				D76516272B1F3B1500DC03A9 /* Debug */,
				D76516282B1F3B1500DC03A9 /* Release */,
			);
			defaultConfigurationIsVisible = 0;
			defaultConfigurationName = Release;
		};
		D76516292B1F3B1500DC03A9 /* Build configuration list for PBXNativeTarget "BitBoxApp" */ = {
			isa = XCConfigurationList;
			buildConfigurations = (
				D765162A2B1F3B1500DC03A9 /* Debug */,
				D765162B2B1F3B1500DC03A9 /* Release */,
			);
			defaultConfigurationIsVisible = 0;
			defaultConfigurationName = Release;
		};
		D765162C2B1F3B1500DC03A9 /* Build configuration list for PBXNativeTarget "BitBoxAppTests" */ = {
			isa = XCConfigurationList;
			buildConfigurations = (
				D765162D2B1F3B1500DC03A9 /* Debug */,
				D765162E2B1F3B1500DC03A9 /* Release */,
			);
			defaultConfigurationIsVisible = 0;
			defaultConfigurationName = Release;
		};
		D765162F2B1F3B1500DC03A9 /* Build configuration list for PBXNativeTarget "BitBoxAppUITests" */ = {
			isa = XCConfigurationList;
			buildConfigurations = (
				D76516302B1F3B1500DC03A9 /* Debug */,
				D76516312B1F3B1500DC03A9 /* Release */,
			);
			defaultConfigurationIsVisible = 0;
			defaultConfigurationName = Release;
		};
/* End XCConfigurationList section */
	};
	rootObject = D76515FD2B1F3B1300DC03A9 /* Project object */;
}
