{
  "originHash" : "1ecb9de618b108e0c3a9e89d5fea4a222140c4a95eb8a1793ce0af0b2c4d6d1d",
  "pins" : [
    {
      "identity" : "breez-sdk-spark-swift",
      "kind" : "remoteSourceControl",
      "location" : "https://github.com/breez/breez-sdk-spark-swift.git",
      "state" : {
        "revision" : "eea58b31584be8354f6d8af8be33d27e7d704fe5",
        "version" : "0.13.1"
      }
    },
    {
      "identity" : "swift-bigint",
      "kind" : "remoteSourceControl",
      "location" : "https://github.com/mkrd/Swift-BigInt.git",
      "state" : {
        "revision" : "b07e961f4c999671cf8c2dc80e740899e8946013",
        "version" : "2.3.0"
      }
    }
  ],
  "version" : 3
}
