{
  "originHash" : "1ecb9de618b108e0c3a9e89d5fea4a222140c4a95eb8a1793ce0af0b2c4d6d1d",
  "pins" : [
    {
      "identity" : "breez-sdk-spark-swift",
      "kind" : "remoteSourceControl",
      "location" : "https://github.com/breez/breez-sdk-spark-swift.git",
      "state" : {
        "revision" : "a3dcaf786b9057d59f8171280e357b1deb548906",
        "version" : "0.23.0"
      }
    },
    {
      "identity" : "swift-bigint",
      "kind" : "remoteSourceControl",
      "location" : "https://github.com/mkrd/Swift-BigInt.git",
      "state" : {
        "revision" : "7e2117797cd1b608303cc2da1a3a2263cc4e7727",
        "version" : "2.4.0"
      }
    }
  ],
  "version" : 3
}
